
Microsoft Visual Studio Solution File, Format Version 12.00
# Visual Studio Version 17
VisualStudioVersion = 17.2.32630.192
MinimumVisualStudioVersion = 10.0.40219.1
Project("{8BC9CEB8-8B4A-11D0-8D11-00A0C91BC942}") = "Lab5", "Lab5\Lab5.vcxproj", "{A998953D-3003-43FD-A930-23AA4FC566F8}"
EndProject
Global
	GlobalSection(SolutionConfigurationPlatforms) = preSolution
		Debug|x64 = Debug|x64
		Debug|x86 = Debug|x86
		Release|x64 = Release|x64
		Release|x86 = Release|x86
	EndGlobalSection
	GlobalSection(ProjectConfigurationPlatforms) = postSolution
		{A998953D-3003-43FD-A930-23AA4FC566F8}.Debug|x64.ActiveCfg = Debug|x64
		{A998953D-3003-43FD-A930-23AA4FC566F8}.Debug|x64.Build.0 = Debug|x64
		{A998953D-3003-43FD-A930-23AA4FC566F8}.Debug|x86.ActiveCfg = Debug|Win32
		{A998953D-3003-43FD-A930-23AA4FC566F8}.Debug|x86.Build.0 = Debug|Win32
		{A998953D-3003-43FD-A930-23AA4FC566F8}.Release|x64.ActiveCfg = Release|x64
		{A998953D-3003-43FD-A930-23AA4FC566F8}.Release|x64.Build.0 = Release|x64
		{A998953D-3003-43FD-A930-23AA4FC566F8}.Release|x86.ActiveCfg = Release|Win32
		{A998953D-3003-43FD-A930-23AA4FC566F8}.Release|x86.Build.0 = Release|Win32
	EndGlobalSection
	GlobalSection(SolutionProperties) = preSolution
		HideSolutionNode = FALSE
	EndGlobalSection
	GlobalSection(ExtensibilityGlobals) = postSolution
		SolutionGuid = {87C3D3AB-793A-48AD-AC02-BC2B684ABDA4}
	EndGlobalSection
EndGlobal
